
Microsoft Visual Studio Solution File, Format Version 12.00
# Visual Studio Version 17
VisualStudioVersion = 17.5.33516.290
MinimumVisualStudioVersion = 10.0.40219.1
Project("{9A19103F-16F7-4668-BE54-9A1E7A4F7556}") = "MagicVilla_VillaAPI", "MagicVilla_VillaAPI\MagicVilla_VillaAPI.csproj", "{4AE77023-2BAB-44DD-9FBD-45D1A6885EDD}"
EndProject
Project("{9A19103F-16F7-4668-BE54-9A1E7A4F7556}") = "MagicVilla_Web", "MagicVilla_Web\MagicVilla_Web.csproj", "{0925B876-BAEC-4108-AC53-B4FC308E90B6}"
EndProject
Project("{FAE04EC0-301F-11D3-BF4B-00C04F79EFBC}") = "MagicVilla_Utility", "MagicVilla_Utility\MagicVilla_Utility.csproj", "{48399E23-E3BC-4BD4-9CA5-22A577EAF3EE}"
EndProject
Global
	GlobalSection(SolutionConfigurationPlatforms) = preSolution
		Debug|Any CPU = Debug|Any CPU
		Release|Any CPU = Release|Any CPU
	EndGlobalSection
	GlobalSection(ProjectConfigurationPlatforms) = postSolution
		{4AE77023-2BAB-44DD-9FBD-45D1A6885EDD}.Debug|Any CPU.ActiveCfg = Debug|Any CPU
		{4AE77023-2BAB-44DD-9FBD-45D1A6885EDD}.Debug|Any CPU.Build.0 = Debug|Any CPU
		{4AE77023-2BAB-44DD-9FBD-45D1A6885EDD}.Release|Any CPU.ActiveCfg = Release|Any CPU
		{4AE77023-2BAB-44DD-9FBD-45D1A6885EDD}.Release|Any CPU.Build.0 = Release|Any CPU
		{0925B876-BAEC-4108-AC53-B4FC308E90B6}.Debug|Any CPU.ActiveCfg = Debug|Any CPU
		{0925B876-BAEC-4108-AC53-B4FC308E90B6}.Debug|Any CPU.Build.0 = Debug|Any CPU
		{0925B876-BAEC-4108-AC53-B4FC308E90B6}.Release|Any CPU.ActiveCfg = Release|Any CPU
		{0925B876-BAEC-4108-AC53-B4FC308E90B6}.Release|Any CPU.Build.0 = Release|Any CPU
		{48399E23-E3BC-4BD4-9CA5-22A577EAF3EE}.Debug|Any CPU.ActiveCfg = Debug|Any CPU
		{48399E23-E3BC-4BD4-9CA5-22A577EAF3EE}.Debug|Any CPU.Build.0 = Debug|Any CPU
		{48399E23-E3BC-4BD4-9CA5-22A577EAF3EE}.Release|Any CPU.ActiveCfg = Release|Any CPU
		{48399E23-E3BC-4BD4-9CA5-22A577EAF3EE}.Release|Any CPU.Build.0 = Release|Any CPU
	EndGlobalSection
	GlobalSection(SolutionProperties) = preSolution
		HideSolutionNode = FALSE
	EndGlobalSection
	GlobalSection(ExtensibilityGlobals) = postSolution
		SolutionGuid = {CBBA465F-7C3D-46D2-A9B7-371065852037}
	EndGlobalSection
EndGlobal
